
Microsoft Visual Studio Solution File, Format Version 12.00
# Visual Studio Version 16
VisualStudioVersion = 16.0.31313.79
MinimumVisualStudioVersion = 10.0.40219.1
Project("{FAE04EC0-301F-11D3-BF4B-00C04F79EFBC}") = "OscarWebAPI", "OscarWebAPI.csproj", "{452A9086-30EF-4A26-B200-373561F28532}"
EndProject
Global
	GlobalSection(SolutionConfigurationPlatforms) = preSolution
		Debug|Any CPU = Debug|Any CPU
		Release|Any CPU = Release|Any CPU
	EndGlobalSection
	GlobalSection(ProjectConfigurationPlatforms) = postSolution
		{452A9086-30EF-4A26-B200-373561F28532}.Debug|Any CPU.ActiveCfg = Debug|Any CPU
		{452A9086-30EF-4A26-B200-373561F28532}.Debug|Any CPU.Build.0 = Debug|Any CPU
		{452A9086-30EF-4A26-B200-373561F28532}.Release|Any CPU.ActiveCfg = Release|Any CPU
		{452A9086-30EF-4A26-B200-373561F28532}.Release|Any CPU.Build.0 = Release|Any CPU
	EndGlobalSection
	GlobalSection(SolutionProperties) = preSolution
		HideSolutionNode = FALSE
	EndGlobalSection
	GlobalSection(ExtensibilityGlobals) = postSolution
		SolutionGuid = {EE9CC6CC-9C99-47DB-8E6F-C02B943A275F}
	EndGlobalSection
EndGlobal
